Microsoft Visual Studio Solution File, Format Version 12.00
# Visual Studio Version 17
VisualStudioVersion = 17.0.31903.59
MinimumVisualStudioVersion = 10.0.40219.1
Project("{2150E333-8FDC-42A3-9474-1A3956D46DE8}") = "src", "src", "{D396A2E9-C13F-4D41-9D95-1A4A1F3B6B0E}"
EndProject
Project("{FAE04EC0-301F-11D3-BF4B-00C04F79EFBC}") = "Kvr.Query", "src\Kvr.Query\Kvr.Query.csproj", "{B2E5F8F6-0C3F-4F8F-8F8F-8F8F8F8F8F8F}"
EndProject
Project("{2150E333-8FDC-42A3-9474-1A3956D46DE8}") = "test", "test", "{F396A2E9-C13F-4D41-9D95-1A4A1F3B6B0E}"
EndProject
Project("{FAE04EC0-301F-11D3-BF4B-00C04F79EFBC}") = "Kvr.Query.Tests", "test\Kvr.Query.Tests\Kvr.Query.Tests.csproj", "{C2E5F8F6-0C3F-4F8F-8F8F-8F8F8F8F8F8F}"
EndProject
Global
	GlobalSection(SolutionConfigurationPlatforms) = preSolution
		Debug|Any CPU = Debug|Any CPU
		Release|Any CPU = Release|Any CPU
	EndGlobalSection
	GlobalSection(ProjectConfigurationPlatforms) = postSolution
		{B2E5F8F6-0C3F-4F8F-8F8F-8F8F8F8F8F8F}.Debug|Any CPU.ActiveCfg = Debug|Any CPU
		{B2E5F8F6-0C3F-4F8F-8F8F-8F8F8F8F8F8F}.Debug|Any CPU.Build.0 = Debug|Any CPU
		{B2E5F8F6-0C3F-4F8F-8F8F-8F8F8F8F8F8F}.Release|Any CPU.ActiveCfg = Release|Any CPU
		{B2E5F8F6-0C3F-4F8F-8F8F-8F8F8F8F8F8F}.Release|Any CPU.Build.0 = Release|Any CPU
		{C2E5F8F6-0C3F-4F8F-8F8F-8F8F8F8F8F8F}.Debug|Any CPU.ActiveCfg = Debug|Any CPU
		{C2E5F8F6-0C3F-4F8F-8F8F-8F8F8F8F8F8F}.Debug|Any CPU.Build.0 = Debug|Any CPU
		{C2E5F8F6-0C3F-4F8F-8F8F-8F8F8F8F8F8F}.Release|Any CPU.ActiveCfg = Release|Any CPU
		{C2E5F8F6-0C3F-4F8F-8F8F-8F8F8F8F8F8F}.Release|Any CPU.Build.0 = Release|Any CPU
	EndGlobalSection
	GlobalSection(SolutionProperties) = preSolution
		HideSolutionNode = FALSE
	EndGlobalSection
	GlobalSection(NestedProjects) = preSolution
		{B2E5F8F6-0C3F-4F8F-8F8F-8F8F8F8F8F8F} = {D396A2E9-C13F-4D41-9D95-1A4A1F3B6B0E}
		{C2E5F8F6-0C3F-4F8F-8F8F-8F8F8F8F8F8F} = {F396A2E9-C13F-4D41-9D95-1A4A1F3B6B0E}
	EndGlobalSection
EndGlobal
